dependencies:
  common_struct:
    component_hash: null
    source:
      path: /home/tvconss/Workspace/sensor_iot_trong_cong_nghiep_det_may/esp-idf/components/common_struct
      type: local
    version: '*'
  config_http_client:
    component_hash: null
    source:
      path: /home/tvconss/Workspace/sensor_iot_trong_cong_nghiep_det_may/esp-idf/esp32cam_security_gate/main/components/config_http_client
      type: local
    version: '*'
  esp-idf-rc522:
    component_hash: null
    source:
      path: /home/tvconss/Workspace/sensor_iot_trong_cong_nghiep_det_may/esp-idf/components/esp-idf-rc522
      type: local
    version: 2.6.0
  esp-websocket_client:
    component_hash: null
    source:
      path: /home/tvconss/Workspace/sensor_iot_trong_cong_nghiep_det_may/esp-idf/components/esp-websocket_client
      type: local
    version: 1.2.3
  espressif/cmake_utilities:
    component_hash: 351350613ceafba240b761b4ea991e0f231ac7a9f59a9ee901f751bddc0bb18f
    source:
      service_url: https://api.components.espressif.com/
      type: service
    version: 0.5.3
  espressif/esp32-camera:
    component_hash: 4aadd189e9ca97298f1d69920f2d8c6b07cb3cbca014584b60e96de8a3cbb249
    source:
      service_url: https://api.components.espressif.com/
      type: service
    version: 2.0.10
  espressif/esp_modem:
    component_hash: e48da33fee082dd9d9a97a354a228057e07a14ac108766b40ad84e018205410a
    source:
      service_url: https://api.components.espressif.com/
      type: service
    version: 1.1.0
  espressif/iot_bridge:
    component_hash: 852e0d8d26b6c0f985c2196df5f668f014bf32413b03d3ec90ab163a988762e9
    source:
      service_url: https://api.components.espressif.com/
      type: service
    version: 0.11.8
  espressif/mesh_lite:
    component_hash: 2adb6346dbaf5354699770a470b0e4fc1de40c3e0bdc33cfc4e313a2478cdae0
    source:
      service_url: https://api.components.espressif.com/
      type: service
    version: 1.0.0
  espressif/qrcode:
    component_hash: 3b493771bc5d6ad30cbf87c25bf784aada8a08c941504355b55d6b75518ed7bc
    source:
      service_url: https://api.components.espressif.com/
      type: service
    version: 0.1.0~2
  idf:
    component_hash: null
    source:
      type: idf
    version: 5.3.0
  setup_esp32_cam:
    component_hash: null
    source:
      path: /home/tvconss/Workspace/sensor_iot_trong_cong_nghiep_det_may/esp-idf/esp32cam_security_gate/main/components/setup_esp32_cam
      type: local
    version: '*'
  setup_esp_websocket_client:
    component_hash: null
    source:
      path: /home/tvconss/Workspace/sensor_iot_trong_cong_nghiep_det_may/esp-idf/esp32cam_security_gate/main/components/setup_esp_websocket_client
      type: local
    version: '*'
  setup_rc522:
    component_hash: null
    source:
      path: /home/tvconss/Workspace/sensor_iot_trong_cong_nghiep_det_may/esp-idf/esp32cam_security_gate/main/components/setup_rc522
      type: local
    version: '*'
manifest_hash: ba5c8e69ea8ec09f222eb4c092c787ce6b7215effdeb1a5fb3cfcadc7e473944
target: esp32
version: 1.0.0
